
Microsoft Visual Studio Solution File, Format Version 12.00
Project("{FAE04EC0-301F-11D3-BF4B-00C04F79EFBC}") = "IMS.WebApp", "IMS.WebApp\IMS.WebApp.csproj", "{A4E8FE38-0C09-45B0-9252-5D345D4947DB}"
EndProject
Project("{FAE04EC0-301F-11D3-BF4B-00C04F79EFBC}") = "IMS.UseCases", "IMS.UseCases\IMS.UseCases.csproj", "{6BEDC6F6-475E-4541-B476-960D6D15E11B}"
EndProject
Project("{FAE04EC0-301F-11D3-BF4B-00C04F79EFBC}") = "IMS.CoreBusiness", "IMS.CoreBusiness\IMS.CoreBusiness.csproj", "{DF871C09-7EF6-4249-8A92-9CA51FD48297}"
EndProject
Project("{2150E333-8FDC-42A3-9474-1A3956D46DE8}") = "IMS.Plugins", "IMS.Plugins", "{74FE9F09-2A64-43DA-AE8E-92FA0D1D7CB2}"
EndProject
Project("{FAE04EC0-301F-11D3-BF4B-00C04F79EFBC}") = "IMS.Plugins.InMemory", "IMS.Plugins\IMS.Plugins.InMemory\IMS.Plugins.InMemory.csproj", "{6AADD48F-2A34-4124-B8A8-B44ABCB1A77D}"
EndProject
Global
	GlobalSection(SolutionConfigurationPlatforms) = preSolution
		Debug|Any CPU = Debug|Any CPU
		Release|Any CPU = Release|Any CPU
	EndGlobalSection
	GlobalSection(ProjectConfigurationPlatforms) = postSolution
		{A4E8FE38-0C09-45B0-9252-5D345D4947DB}.Debug|Any CPU.ActiveCfg = Debug|Any CPU
		{A4E8FE38-0C09-45B0-9252-5D345D4947DB}.Debug|Any CPU.Build.0 = Debug|Any CPU
		{A4E8FE38-0C09-45B0-9252-5D345D4947DB}.Release|Any CPU.ActiveCfg = Release|Any CPU
		{A4E8FE38-0C09-45B0-9252-5D345D4947DB}.Release|Any CPU.Build.0 = Release|Any CPU
		{6BEDC6F6-475E-4541-B476-960D6D15E11B}.Debug|Any CPU.ActiveCfg = Debug|Any CPU
		{6BEDC6F6-475E-4541-B476-960D6D15E11B}.Debug|Any CPU.Build.0 = Debug|Any CPU
		{6BEDC6F6-475E-4541-B476-960D6D15E11B}.Release|Any CPU.ActiveCfg = Release|Any CPU
		{6BEDC6F6-475E-4541-B476-960D6D15E11B}.Release|Any CPU.Build.0 = Release|Any CPU
		{DF871C09-7EF6-4249-8A92-9CA51FD48297}.Debug|Any CPU.ActiveCfg = Debug|Any CPU
		{DF871C09-7EF6-4249-8A92-9CA51FD48297}.Debug|Any CPU.Build.0 = Debug|Any CPU
		{DF871C09-7EF6-4249-8A92-9CA51FD48297}.Release|Any CPU.ActiveCfg = Release|Any CPU
		{DF871C09-7EF6-4249-8A92-9CA51FD48297}.Release|Any CPU.Build.0 = Release|Any CPU
		{6AADD48F-2A34-4124-B8A8-B44ABCB1A77D}.Debug|Any CPU.ActiveCfg = Debug|Any CPU
		{6AADD48F-2A34-4124-B8A8-B44ABCB1A77D}.Debug|Any CPU.Build.0 = Debug|Any CPU
		{6AADD48F-2A34-4124-B8A8-B44ABCB1A77D}.Release|Any CPU.ActiveCfg = Release|Any CPU
		{6AADD48F-2A34-4124-B8A8-B44ABCB1A77D}.Release|Any CPU.Build.0 = Release|Any CPU
	EndGlobalSection
	GlobalSection(NestedProjects) = preSolution
		{6AADD48F-2A34-4124-B8A8-B44ABCB1A77D} = {74FE9F09-2A64-43DA-AE8E-92FA0D1D7CB2}
	EndGlobalSection
EndGlobal
